
Microsoft Visual Studio Solution File, Format Version 12.00
# Visual Studio Version 17
VisualStudioVersion = 17.2.32516.85
MinimumVisualStudioVersion = 10.0.40219.1
Project("{9092AA53-FB77-4645-B42D-1CCCA6BD08BD}") = "NexcomAnalytics", "NexcomAnalytics.njsproj", "{CA74385B-58F3-4EEA-ABAB-BE3AF752B592}"
EndProject
Global
	GlobalSection(SolutionConfigurationPlatforms) = preSolution
		Debug|Any CPU = Debug|Any CPU
		Release|Any CPU = Release|Any CPU
	EndGlobalSection
	GlobalSection(ProjectConfigurationPlatforms) = postSolution
		{CA74385B-58F3-4EEA-ABAB-BE3AF752B592}.Debug|Any CPU.ActiveCfg = Debug|Any CPU
		{CA74385B-58F3-4EEA-ABAB-BE3AF752B592}.Debug|Any CPU.Build.0 = Debug|Any CPU
		{CA74385B-58F3-4EEA-ABAB-BE3AF752B592}.Release|Any CPU.ActiveCfg = Release|Any CPU
		{CA74385B-58F3-4EEA-ABAB-BE3AF752B592}.Release|Any CPU.Build.0 = Release|Any CPU
	EndGlobalSection
	GlobalSection(SolutionProperties) = preSolution
		HideSolutionNode = FALSE
	EndGlobalSection
	GlobalSection(ExtensibilityGlobals) = postSolution
		SolutionGuid = {630660F4-B95C-4B05-98D2-F794EB2FDCEC}
	EndGlobalSection
EndGlobal
